
Microsoft Visual Studio Solution File, Format Version 12.00
# Visual Studio 15
VisualStudioVersion = 15.0.26228.4
MinimumVisualStudioVersion = 10.0.40219.1
Project("{FAE04EC0-301F-11D3-BF4B-00C04F79EFBC}") = "SimulationTest", "SimulationTest\SimulationTest.csproj", "{81C75595-CD4A-4268-966E-F75D2C6343D2}"
EndProject
Project("{FAE04EC0-301F-11D3-BF4B-00C04F79EFBC}") = "SimulationLib", "SimulationLib\SimulationLib.csproj", "{3AB32E19-DED1-46B2-AAEA-F88E049A1973}"
EndProject
Global
	GlobalSection(SolutionConfigurationPlatforms) = preSolution
		Debug|Any CPU = Debug|Any CPU
		Release|Any CPU = Release|Any CPU
	EndGlobalSection
	GlobalSection(ProjectConfigurationPlatforms) = postSolution
		{81C75595-CD4A-4268-966E-F75D2C6343D2}.Debug|Any CPU.ActiveCfg = Debug|Any CPU
		{81C75595-CD4A-4268-966E-F75D2C6343D2}.Debug|Any CPU.Build.0 = Debug|Any CPU
		{81C75595-CD4A-4268-966E-F75D2C6343D2}.Release|Any CPU.ActiveCfg = Release|Any CPU
		{81C75595-CD4A-4268-966E-F75D2C6343D2}.Release|Any CPU.Build.0 = Release|Any CPU
		{3AB32E19-DED1-46B2-AAEA-F88E049A1973}.Debug|Any CPU.ActiveCfg = Debug|Any CPU
		{3AB32E19-DED1-46B2-AAEA-F88E049A1973}.Debug|Any CPU.Build.0 = Debug|Any CPU
		{3AB32E19-DED1-46B2-AAEA-F88E049A1973}.Release|Any CPU.ActiveCfg = Release|Any CPU
		{3AB32E19-DED1-46B2-AAEA-F88E049A1973}.Release|Any CPU.Build.0 = Release|Any CPU
	EndGlobalSection
	GlobalSection(SolutionProperties) = preSolution
		HideSolutionNode = FALSE
	EndGlobalSection
EndGlobal
